// !$*UTF8*$!
{
	archiveVersion = 1;
	classes = {
	};
	objectVersion = 50;
	objects = {

/* Begin PBXBuildFile section */
		14893ED62634C97A00B37517 /* AppDelegate.swift in Sources */ = {isa = PBXBuildFile; fileRef = 14893ED52634C97A00B37517 /* AppDelegate.swift */; };
		14893ED82634C97A00B37517 /* SceneDelegate.swift in Sources */ = {isa = PBXBuildFile; fileRef = 14893ED72634C97A00B37517 /* SceneDelegate.swift */; };
		14893EDA2634C97A00B37517 /* ViewController.swift in Sources */ = {isa = PBXBuildFile; fileRef = 14893ED92634C97A00B37517 /* ViewController.swift */; };
		14893EDD2634C97A00B37517 /* Main.storyboard in Resources */ = {isa = PBXBuildFile; fileRef = 14893EDB2634C97A00B37517 /* Main.storyboard */; };
		14893EDF2634C97C00B37517 /* Assets.xcassets in Resources */ = {isa = PBXBuildFile; fileRef = 14893EDE2634C97C00B37517 /* Assets.xcassets */; };
		14893EE22634C97C00B37517 /* LaunchScreen.storyboard in Resources */ = {isa = PBXBuildFile; fileRef = 14893EE02634C97C00B37517 /* LaunchScreen.storyboard */; };
		14893EEB2634D21F00B37517 /* Manager.swift in Sources */ = {isa = PBXBuildFile; fileRef = 14893EEA2634D21F00B37517 /* Manager.swift */; };
		14893EEE2634F2A000B37517 /* WeatherModel.swift in Sources */ = {isa = PBXBuildFile; fileRef = 14893EED2634F2A000B37517 /* WeatherModel.swift */; };
/* End PBXBuildFile section */

/* Begin PBXFileReference section */
		14893ED22634C97A00B37517 /* MapApp.app */ = {isa = PBXFileReference; explicitFileType = wrapper.application; includeInIndex = 0; path = MapApp.app; sourceTree = BUILT_PRODUCTS_DIR; };
		14893ED52634C97A00B37517 /* AppDelegate.swift */ = {isa = PBXFileReference; lastKnownFileType = sourcecode.swift; path = AppDelegate.swift; sourceTree = "<group>"; };
		14893ED72634C97A00B37517 /* SceneDelegate.swift */ = {isa = PBXFileReference; lastKnownFileType = sourcecode.swift; path = SceneDelegate.swift; sourceTree = "<group>"; };
		14893ED92634C97A00B37517 /* ViewController.swift */ = {isa = PBXFileReference; lastKnownFileType = sourcecode.swift; path = ViewController.swift; sourceTree = "<group>"; };
		14893EDC2634C97A00B37517 /* Base */ = {isa = PBXFileReference; lastKnownFileType = file.storyboard; name = Base; path = Base.lproj/Main.storyboard; sourceTree = "<group>"; };
		14893EDE2634C97C00B37517 /* Assets.xcassets */ = {isa = PBXFileReference; lastKnownFileType = folder.assetcatalog; path = Assets.xcassets; sourceTree = "<group>"; };
		14893EE12634C97C00B37517 /* Base */ = {isa = PBXFileReference; lastKnownFileType = file.storyboard; name = Base; path = Base.lproj/LaunchScreen.storyboard; sourceTree = "<group>"; };
		14893EE32634C97C00B37517 /* Info.plist */ = {isa = PBXFileReference; lastKnownFileType = text.plist.xml; path = Info.plist; sourceTree = "<group>"; };
		14893EEA2634D21F00B37517 /* Manager.swift */ = {isa = PBXFileReference; lastKnownFileType = sourcecode.swift; path = Manager.swift; sourceTree = "<group>"; };
		14893EED2634F2A000B37517 /* WeatherModel.swift */ = {isa = PBXFileReference; lastKnownFileType = sourcecode.swift; path = WeatherModel.swift; sourceTree = "<group>"; };
/* End PBXFileReference section */

/* Begin PBXFrameworksBuildPhase section */
		14893ECF2634C97900B37517 /* Frameworks */ = {
			isa = PBXFrameworksBuildPhase;
			buildActionMask = 2147483647;
			files = (
			);
			runOnlyForDeploymentPostprocessing = 0;
		};
/* End PBXFrameworksBuildPhase section */

/* Begin PBXGroup section */
		14893EC92634C97900B37517 = {
			isa = PBXGroup;
			children = (
				14893ED42634C97A00B37517 /* MapApp */,
				14893ED32634C97A00B37517 /* Products */,
			);
			sourceTree = "<group>";
		};
		14893ED32634C97A00B37517 /* Products */ = {
			isa = PBXGroup;
			children = (
				14893ED22634C97A00B37517 /* MapApp.app */,
			);
			name = Products;
			sourceTree = "<group>";
		};
		14893ED42634C97A00B37517 /* MapApp */ = {
			isa = PBXGroup;
			children = (
				14893EF8263527C900B37517 /* Controllers */,
				14893EF7263527BA00B37517 /* Models */,
				14893EF6263527A600B37517 /* Manegers */,
				14893EF42635278B00B37517 /* Delegates */,
				14893EF32635276800B37517 /* Views */,
				14893EDE2634C97C00B37517 /* Assets.xcassets */,
				14893EE32634C97C00B37517 /* Info.plist */,
			);
			path = MapApp;
			sourceTree = "<group>";
		};
		14893EF32635276800B37517 /* Views */ = {
			isa = PBXGroup;
			children = (
				14893EE02634C97C00B37517 /* LaunchScreen.storyboard */,
				14893EDB2634C97A00B37517 /* Main.storyboard */,
			);
			path = Views;
			sourceTree = "<group>";
		};
		14893EF42635278B00B37517 /* Delegates */ = {
			isa = PBXGroup;
			children = (
				14893ED72634C97A00B37517 /* SceneDelegate.swift */,
				14893ED52634C97A00B37517 /* AppDelegate.swift */,
			);
			path = Delegates;
			sourceTree = "<group>";
		};
		14893EF6263527A600B37517 /* Manegers */ = {
			isa = PBXGroup;
			children = (
				14893EEA2634D21F00B37517 /* Manager.swift */,
			);
			path = Manegers;
			sourceTree = "<group>";
		};
		14893EF7263527BA00B37517 /* Models */ = {
			isa = PBXGroup;
			children = (
				14893EED2634F2A000B37517 /* WeatherModel.swift */,
			);
			path = Models;
			sourceTree = "<group>";
		};
		14893EF8263527C900B37517 /* Controllers */ = {
			isa = PBXGroup;
			children = (
				14893ED92634C97A00B37517 /* ViewController.swift */,
			);
			path = Controllers;
			sourceTree = "<group>";
		};
/* End PBXGroup section */

/* Begin PBXNativeTarget section */
		14893ED12634C97900B37517 /* MapApp */ = {
			isa = PBXNativeTarget;
			buildConfigurationList = 14893EE62634C97C00B37517 /* Build configuration list for PBXNativeTarget "MapApp" */;
			buildPhases = (
				14893ECE2634C97900B37517 /* Sources */,
				14893ECF2634C97900B37517 /* Frameworks */,
				14893ED02634C97900B37517 /* Resources */,
			);
			buildRules = (
			);
			dependencies = (
			);
			name = MapApp;
			productName = MapApp;
			productReference = 14893ED22634C97A00B37517 /* MapApp.app */;
			productType = "com.apple.product-type.application";
		};
/* End PBXNativeTarget section */

/* Begin PBXProject section */
		14893ECA2634C97900B37517 /* Project object */ = {
			isa = PBXProject;
			attributes = {
				LastSwiftUpdateCheck = 1230;
				LastUpgradeCheck = 1230;
				TargetAttributes = {
					14893ED12634C97900B37517 = {
						CreatedOnToolsVersion = 12.3;
					};
				};
			};
			buildConfigurationList = 14893ECD2634C97900B37517 /* Build configuration list for PBXProject "MapApp" */;
			compatibilityVersion = "Xcode 9.3";
			developmentRegion = en;
			hasScannedForEncodings = 0;
			knownRegions = (
				en,
				Base,
			);
			mainGroup = 14893EC92634C97900B37517;
			productRefGroup = 14893ED32634C97A00B37517 /* Products */;
			projectDirPath = "";
			projectRoot = "";
			targets = (
				14893ED12634C97900B37517 /* MapApp */,
			);
		};
/* End PBXProject section */

/* Begin PBXResourcesBuildPhase section */
		14893ED02634C97900B37517 /* Resources */ = {
			isa = PBXResourcesBuildPhase;
			buildActionMask = 2147483647;
			files = (
				14893EE22634C97C00B37517 /* LaunchScreen.storyboard in Resources */,
				14893EDF2634C97C00B37517 /* Assets.xcassets in Resources */,
				14893EDD2634C97A00B37517 /* Main.storyboard in Resources */,
			);
			runOnlyForDeploymentPostprocessing = 0;
		};
/* End PBXResourcesBuildPhase section */

/* Begin PBXSourcesBuildPhase section */
		14893ECE2634C97900B37517 /* Sources */ = {
			isa = PBXSourcesBuildPhase;
			buildActionMask = 2147483647;
			files = (
				14893EDA2634C97A00B37517 /* ViewController.swift in Sources */,
				14893ED62634C97A00B37517 /* AppDelegate.swift in Sources */,
				14893ED82634C97A00B37517 /* SceneDelegate.swift in Sources */,
				14893EEB2634D21F00B37517 /* Manager.swift in Sources */,
				14893EEE2634F2A000B37517 /* WeatherModel.swift in Sources */,
			);
			runOnlyForDeploymentPostprocessing = 0;
		};
/* End PBXSourcesBuildPhase section */

/* Begin PBXVariantGroup section */
		14893EDB2634C97A00B37517 /* Main.storyboard */ = {
			isa = PBXVariantGroup;
			children = (
				14893EDC2634C97A00B37517 /* Base */,
			);
			name = Main.storyboard;
			sourceTree = "<group>";
		};
		14893EE02634C97C00B37517 /* LaunchScreen.storyboard */ = {
			isa = PBXVariantGroup;
			children = (
				14893EE12634C97C00B37517 /* Base */,
			);
			name = LaunchScreen.storyboard;
			sourceTree = "<group>";
		};
/* End PBXVariantGroup section */

/* Begin XCBuildConfiguration section */
		14893EE42634C97C00B37517 /* Debug */ = {
			isa = XCBuildConfiguration;
			buildSettings = {
				ALWAYS_SEARCH_USER_PATHS = NO;
				CLANG_ANALYZER_NONNULL = YES;
				CLANG_ANALYZER_NUMBER_OBJECT_CONVERSION = YES_AGGRESSIVE;
				CLANG_CXX_LANGUAGE_STANDARD = "gnu++14";
				CLANG_CXX_LIBRARY = "libc++";
				CLANG_ENABLE_MODULES = YES;
				CLANG_ENABLE_OBJC_ARC = YES;
				CLANG_ENABLE_OBJC_WEAK = YES;
				CLANG_WARN_BLOCK_CAPTURE_AUTORELEASING = YES;
				CLANG_WARN_BOOL_CONVERSION = YES;
				CLANG_WARN_COMMA = YES;
				CLANG_WARN_CONSTANT_CONVERSION = YES;
				CLANG_WARN_DEPRECATED_OBJC_IMPLEMENTATIONS = YES;
				CLANG_WARN_DIRECT_OBJC_ISA_USAGE = YES_ERROR;
				CLANG_WARN_DOCUMENTATION_COMMENTS = YES;
				CLANG_WARN_EMPTY_BODY = YES;
				CLANG_WARN_ENUM_CONVERSION = YES;
				CLANG_WARN_INFINITE_RECURSION = YES;
				CLANG_WARN_INT_CONVERSION = YES;
				CLANG_WARN_NON_LITERAL_NULL_CONVERSION = YES;
				CLANG_WARN_OBJC_IMPLICIT_RETAIN_SELF = YES;
				CLANG_WARN_OBJC_LITERAL_CONVERSION = YES;
				CLANG_WARN_OBJC_ROOT_CLASS = YES_ERROR;
				CLANG_WARN_QUOTED_INCLUDE_IN_FRAMEWORK_HEADER = YES;
				CLANG_WARN_RANGE_LOOP_ANALYSIS = YES;
				CLANG_WARN_STRICT_PROTOTYPES = YES;
				CLANG_WARN_SUSPICIOUS_MOVE = YES;
				CLANG_WARN_UNGUARDED_AVAILABILITY = YES_AGGRESSIVE;
				CLANG_WARN_UNREACHABLE_CODE = YES;
				CLANG_WARN__DUPLICATE_METHOD_MATCH = YES;
				COPY_PHASE_STRIP = NO;
				DEBUG_INFORMATION_FORMAT = dwarf;
				ENABLE_STRICT_OBJC_MSGSEND = YES;
				ENABLE_TESTABILITY = YES;
				GCC_C_LANGUAGE_STANDARD = gnu11;
				GCC_DYNAMIC_NO_PIC = NO;
				GCC_NO_COMMON_BLOCKS = YES;
				GCC_OPTIMIZATION_LEVEL = 0;
				GCC_PREPROCESSOR_DEFINITIONS = (
					"DEBUG=1",
					"$(inherited)",
				);
				GCC_WARN_64_TO_32_BIT_CONVERSION = YES;
				GCC_WARN_ABOUT_RETURN_TYPE = YES_ERROR;
				GCC_WARN_UNDECLARED_SELECTOR = YES;
				GCC_WARN_UNINITIALIZED_AUTOS = YES_AGGRESSIVE;
				GCC_WARN_UNUSED_FUNCTION = YES;
				GCC_WARN_UNUSED_VARIABLE = YES;
				IPHONEOS_DEPLOYMENT_TARGET = 14.3;
				MTL_ENABLE_DEBUG_INFO = INCLUDE_SOURCE;
				MTL_FAST_MATH = YES;
				ONLY_ACTIVE_ARCH = YES;
				SDKROOT = iphoneos;
				SWIFT_ACTIVE_COMPILATION_CONDITIONS = DEBUG;
				SWIFT_OPTIMIZATION_LEVEL = "-Onone";
			};
			name = Debug;
		};
		14893EE52634C97C00B37517 /* Release */ = {
			isa = XCBuildConfiguration;
			buildSettings = {
				ALWAYS_SEARCH_USER_PATHS = NO;
				CLANG_ANALYZER_NONNULL = YES;
				CLANG_ANALYZER_NUMBER_OBJECT_CONVERSION = YES_AGGRESSIVE;
				CLANG_CXX_LANGUAGE_STANDARD = "gnu++14";
				CLANG_CXX_LIBRARY = "libc++";
				CLANG_ENABLE_MODULES = YES;
				CLANG_ENABLE_OBJC_ARC = YES;
				CLANG_ENABLE_OBJC_WEAK = YES;
				CLANG_WARN_BLOCK_CAPTURE_AUTORELEASING = YES;
				CLANG_WARN_BOOL_CONVERSION = YES;
				CLANG_WARN_COMMA = YES;
				CLANG_WARN_CONSTANT_CONVERSION = YES;
				CLANG_WARN_DEPRECATED_OBJC_IMPLEMENTATIONS = YES;
				CLANG_WARN_DIRECT_OBJC_ISA_USAGE = YES_ERROR;
				CLANG_WARN_DOCUMENTATION_COMMENTS = YES;
				CLANG_WARN_EMPTY_BODY = YES;
				CLANG_WARN_ENUM_CONVERSION = YES;
				CLANG_WARN_INFINITE_RECURSION = YES;
				CLANG_WARN_INT_CONVERSION = YES;
				CLANG_WARN_NON_LITERAL_NULL_CONVERSION = YES;
				CLANG_WARN_OBJC_IMPLICIT_RETAIN_SELF = YES;
				CLANG_WARN_OBJC_LITERAL_CONVERSION = YES;
				CLANG_WARN_OBJC_ROOT_CLASS = YES_ERROR;
				CLANG_WARN_QUOTED_INCLUDE_IN_FRAMEWORK_HEADER = YES;
				CLANG_WARN_RANGE_LOOP_ANALYSIS = YES;
				CLANG_WARN_STRICT_PROTOTYPES = YES;
				CLANG_WARN_SUSPICIOUS_MOVE = YES;
				CLANG_WARN_UNGUARDED_AVAILABILITY = YES_AGGRESSIVE;
				CLANG_WARN_UNREACHABLE_CODE = YES;
				CLANG_WARN__DUPLICATE_METHOD_MATCH = YES;
				COPY_PHASE_STRIP = NO;
				DEBUG_INFORMATION_FORMAT = "dwarf-with-dsym";
				ENABLE_NS_ASSERTIONS = NO;
				ENABLE_STRICT_OBJC_MSGSEND = YES;
				GCC_C_LANGUAGE_STANDARD = gnu11;
				GCC_NO_COMMON_BLOCKS = YES;
				GCC_WARN_64_TO_32_BIT_CONVERSION = YES;
				GCC_WARN_ABOUT_RETURN_TYPE = YES_ERROR;
				GCC_WARN_UNDECLARED_SELECTOR = YES;
				GCC_WARN_UNINITIALIZED_AUTOS = YES_AGGRESSIVE;
				GCC_WARN_UNUSED_FUNCTION = YES;
				GCC_WARN_UNUSED_VARIABLE = YES;
				IPHONEOS_DEPLOYMENT_TARGET = 14.3;
				MTL_ENABLE_DEBUG_INFO = NO;
				MTL_FAST_MATH = YES;
				SDKROOT = iphoneos;
				SWIFT_COMPILATION_MODE = wholemodule;
				SWIFT_OPTIMIZATION_LEVEL = "-O";
				VALIDATE_PRODUCT = YES;
			};
			name = Release;
		};
		14893EE72634C97C00B37517 /* Debug */ = {
			isa = XCBuildConfiguration;
			buildSettings = {
				ASSETCATALOG_COMPILER_APPICON_NAME = AppIcon;
				ASSETCATALOG_COMPILER_GLOBAL_ACCENT_COLOR_NAME = AccentColor;
				CODE_SIGN_STYLE = Automatic;
				DEVELOPMENT_TEAM = SWM6TDG66G;
				INFOPLIST_FILE = MapApp/Info.plist;
				LD_RUNPATH_SEARCH_PATHS = (
					"$(inherited)",
					"@executable_path/Frameworks",
				);
				PRODUCT_BUNDLE_IDENTIFIER = testproject.MapApp;
				PRODUCT_NAME = "$(TARGET_NAME)";
				SWIFT_VERSION = 5.0;
				TARGETED_DEVICE_FAMILY = "1,2";
			};
			name = Debug;
		};
		14893EE82634C97C00B37517 /* Release */ = {
			isa = XCBuildConfiguration;
			buildSettings = {
				ASSETCATALOG_COMPILER_APPICON_NAME = AppIcon;
				ASSETCATALOG_COMPILER_GLOBAL_ACCENT_COLOR_NAME = AccentColor;
				CODE_SIGN_STYLE = Automatic;
				DEVELOPMENT_TEAM = SWM6TDG66G;
				INFOPLIST_FILE = MapApp/Info.plist;
				LD_RUNPATH_SEARCH_PATHS = (
					"$(inherited)",
					"@executable_path/Frameworks",
				);
				PRODUCT_BUNDLE_IDENTIFIER = testproject.MapApp;
				PRODUCT_NAME = "$(TARGET_NAME)";
				SWIFT_VERSION = 5.0;
				TARGETED_DEVICE_FAMILY = "1,2";
			};
			name = Release;
		};
/* End XCBuildConfiguration section */

/* Begin XCConfigurationList section */
		14893ECD2634C97900B37517 /* Build configuration list for PBXProject "MapApp" */ = {
			isa = XCConfigurationList;
			buildConfigurations = (
				14893EE42634C97C00B37517 /* Debug */,
				14893EE52634C97C00B37517 /* Release */,
			);
			defaultConfigurationIsVisible = 0;
			defaultConfigurationName = Release;
		};
		14893EE62634C97C00B37517 /* Build configuration list for PBXNativeTarget "MapApp" */ = {
			isa = XCConfigurationList;
			buildConfigurations = (
				14893EE72634C97C00B37517 /* Debug */,
				14893EE82634C97C00B37517 /* Release */,
			);
			defaultConfigurationIsVisible = 0;
			defaultConfigurationName = Release;
		};
/* End XCConfigurationList section */
	};
	rootObject = 14893ECA2634C97900B37517 /* Project object */;
}
